
Microsoft Visual Studio Solution File, Format Version 12.00
# Visual Studio Version 17
VisualStudioVersion = 17.14.36717.8 d17.14
MinimumVisualStudioVersion = 10.0.40219.1
Project("{FAE04EC0-301F-11D3-BF4B-00C04F79EFBC}") = "BladeBoutique", "BladeBoutique.csproj", "{8DE1F14B-7513-4490-87C6-BB54A4E8729D}"
EndProject
Global
	GlobalSection(SolutionConfigurationPlatforms) = preSolution
		Debug|Any CPU = Debug|Any CPU
		Release|Any CPU = Release|Any CPU
	EndGlobalSection
	GlobalSection(ProjectConfigurationPlatforms) = postSolution
		{8DE1F14B-7513-4490-87C6-BB54A4E8729D}.Debug|Any CPU.ActiveCfg = Debug|Any CPU
		{8DE1F14B-7513-4490-87C6-BB54A4E8729D}.Debug|Any CPU.Build.0 = Debug|Any CPU
		{8DE1F14B-7513-4490-87C6-BB54A4E8729D}.Release|Any CPU.ActiveCfg = Release|Any CPU
		{8DE1F14B-7513-4490-87C6-BB54A4E8729D}.Release|Any CPU.Build.0 = Release|Any CPU
	EndGlobalSection
	GlobalSection(SolutionProperties) = preSolution
		HideSolutionNode = FALSE
	EndGlobalSection
	GlobalSection(ExtensibilityGlobals) = postSolution
		SolutionGuid = {CE040493-6F5F-45BB-9B7F-1C08115D4ADE}
	EndGlobalSection
EndGlobal
